
Microsoft Visual Studio Solution File, Format Version 12.00
# Visual Studio Version 17
VisualStudioVersion = 17.3.32922.545
MinimumVisualStudioVersion = 10.0.40219.1
Project("{FAE04EC0-301F-11D3-BF4B-00C04F79EFBC}") = "pjExamenPII", "pjExamenPII\pjExamenPII.csproj", "{9B76B93E-CC56-4836-A715-955CEA9AC49C}"
EndProject
Global
	GlobalSection(SolutionConfigurationPlatforms) = preSolution
		Debug|Any CPU = Debug|Any CPU
		Release|Any CPU = Release|Any CPU
	EndGlobalSection
	GlobalSection(ProjectConfigurationPlatforms) = postSolution
		{9B76B93E-CC56-4836-A715-955CEA9AC49C}.Debug|Any CPU.ActiveCfg = Debug|Any CPU
		{9B76B93E-CC56-4836-A715-955CEA9AC49C}.Debug|Any CPU.Build.0 = Debug|Any CPU
		{9B76B93E-CC56-4836-A715-955CEA9AC49C}.Release|Any CPU.ActiveCfg = Release|Any CPU
		{9B76B93E-CC56-4836-A715-955CEA9AC49C}.Release|Any CPU.Build.0 = Release|Any CPU
	EndGlobalSection
	GlobalSection(SolutionProperties) = preSolution
		HideSolutionNode = FALSE
	EndGlobalSection
	GlobalSection(ExtensibilityGlobals) = postSolution
		SolutionGuid = {B2D5B056-7587-444B-B9E0-E10A17E44345}
	EndGlobalSection
EndGlobal
